{
  "name": "deepseek-pp",
  "version": "0.7.4",
  "lockfileVersion": 3,
  "requires": true,
  "packages": {
    "": {
      "name": "deepseek-pp",
      "version": "0.7.4",
      "dependencies": {
        "@octokit/rest": "^20.0.2",
        "express": "^4.18.2",
        "fs-extra": "^11.2.0",
        "pyodide": "^0.26.4",
        "simple-git": "^3.22.0"
      }
    },
    "node_modules/@octokit/auth-token": {
      "version": "4.0.0",
      "resolved": "https://registry.npmjs.org/@octokit/auth-token/-/auth-token-4.0.0.tgz",
      "integrity": "sha512-tY/msAuJo6ARbK6SPIxZrPBms3xPbfwBrulZe0Wtr/DIY9lje2HeV1uoebShn6mx7SjCHif6EjMvoREj+gZ+SA=="
    },
    "node_modules/pyodide": {
      "version": "0.26.4",
      "resolved": "https://registry.npmjs.org/pyodide/-/pyodide-0.26.4.tgz",
      "integrity": "sha512-4A+TnQhWJAac55Aoy8v+gGacMqVC/QP41mH+9tBjM+yuMK0EoHxG9LSzxIyn7qQyVwNc2t9gKk7JpNrp7Vvx4Q=="
    }
  }
}
